
Microsoft Visual Studio Solution File, Format Version 12.00
# Visual Studio 15
VisualStudioVersion = 15.0.26730.10
MinimumVisualStudioVersion = 10.0.40219.1
Project("{FAE04EC0-301F-11D3-BF4B-00C04F79EFBC}") = "PaginationExample", "PaginationExample\PaginationExample.csproj", "{FE3D4B52-40C7-4104-87EE-8A24A8B840D3}"
EndProject
Global
	GlobalSection(SolutionConfigurationPlatforms) = preSolution
		Debug|Any CPU = Debug|Any CPU
		Release|Any CPU = Release|Any CPU
	EndGlobalSection
	GlobalSection(ProjectConfigurationPlatforms) = postSolution
		{FE3D4B52-40C7-4104-87EE-8A24A8B840D3}.Debug|Any CPU.ActiveCfg = Debug|Any CPU
		{FE3D4B52-40C7-4104-87EE-8A24A8B840D3}.Debug|Any CPU.Build.0 = Debug|Any CPU
		{FE3D4B52-40C7-4104-87EE-8A24A8B840D3}.Release|Any CPU.ActiveCfg = Release|Any CPU
		{FE3D4B52-40C7-4104-87EE-8A24A8B840D3}.Release|Any CPU.Build.0 = Release|Any CPU
	EndGlobalSection
	GlobalSection(SolutionProperties) = preSolution
		HideSolutionNode = FALSE
	EndGlobalSection
	GlobalSection(ExtensibilityGlobals) = postSolution
		SolutionGuid = {BCA07CD1-80F0-4EFD-9AD2-B4250DA5C476}
	EndGlobalSection
EndGlobal
